
Microsoft Visual Studio Solution File, Format Version 12.00
# Visual Studio Version 17
VisualStudioVersion = 17.6.33829.357
MinimumVisualStudioVersion = 10.0.40219.1
Project("{FAE04EC0-301F-11D3-BF4B-00C04F79EFBC}") = "TechShopManagement", "TechShopManagement\TechShopManagement.csproj", "{E23F28B8-2A80-425C-8898-12287D38AED3}"
EndProject
Global
	GlobalSection(SolutionConfigurationPlatforms) = preSolution
		Debug|Any CPU = Debug|Any CPU
		Release|Any CPU = Release|Any CPU
	EndGlobalSection
	GlobalSection(ProjectConfigurationPlatforms) = postSolution
		{E23F28B8-2A80-425C-8898-12287D38AED3}.Debug|Any CPU.ActiveCfg = Debug|Any CPU
		{E23F28B8-2A80-425C-8898-12287D38AED3}.Debug|Any CPU.Build.0 = Debug|Any CPU
		{E23F28B8-2A80-425C-8898-12287D38AED3}.Release|Any CPU.ActiveCfg = Release|Any CPU
		{E23F28B8-2A80-425C-8898-12287D38AED3}.Release|Any CPU.Build.0 = Release|Any CPU
	EndGlobalSection
	GlobalSection(SolutionProperties) = preSolution
		HideSolutionNode = FALSE
	EndGlobalSection
	GlobalSection(ExtensibilityGlobals) = postSolution
		SolutionGuid = {84734EC3-A90F-4C83-8F33-F459C12FCB51}
	EndGlobalSection
EndGlobal
